// !$*UTF8*$!
{
	archiveVersion = 1;
	classes = {
	};
	objectVersion = 46;
	objects = {
		5E618435888B9D49F8540165 = {
			buildActionMask = 2147483647;
			files = (
				);
			isa = PBXShellScriptBuildPhase;
			runOnlyForDeploymentPostprocessing = 0;
			name = "Qt Qmake";
			shellPath = "/bin/sh";
			shellScript = "make -C /Users/apple/code_confusing/FileChooser/DirWatcher -f qt_makeqmake.mak";
			showEnvVarsInLog = "0";
		};
		CFBD223C25D9CD31D78C82E6 = {
			isa = PBXFileReference;
			path = "/Users/apple/code_confusing/FileChooser/DirWatcher/main.cpp";
			name = "main.cpp";
			sourceTree = "<absolute>";
			lastKnownFileType = "sourcecode.cpp.cpp";
		};
		71C8743EC4CA9B3392C55560 = {
			fileRef = "CFBD223C25D9CD31D78C82E6";
			isa = PBXBuildFile;
			settings = {
				ATTRIBUTES = (
					);
			};
		};
		C7A2FFE6040816BE9B57466C = {
			isa = PBXFileReference;
			path = "/Users/apple/code_confusing/FileChooser/DirWatcher/dialog.cpp";
			name = "dialog.cpp";
			sourceTree = "<absolute>";
			lastKnownFileType = "sourcecode.cpp.cpp";
		};
		A6511FD23E3A3C905EB0CDE0 = {
			fileRef = "C7A2FFE6040816BE9B57466C";
			isa = PBXBuildFile;
			settings = {
				ATTRIBUTES = (
					);
			};
		};
		A02222F2D5A1937F30E05F81 = {
			isa = PBXFileReference;
			path = "/Users/apple/code_confusing/FileChooser/DirWatcher/fileviewer.cpp";
			name = "fileviewer.cpp";
			sourceTree = "<absolute>";
			lastKnownFileType = "sourcecode.cpp.cpp";
		};
		38662245CC3FFA33AAF054AF = {
			fileRef = "A02222F2D5A1937F30E05F81";
			isa = PBXBuildFile;
			settings = {
				ATTRIBUTES = (
					);
			};
		};
		6E88DEC62B46016A8FA78D77 = {
			isa = PBXFileReference;
			path = "/Users/apple/code_confusing/FileChooser/DirWatcher/cppparser.cpp";
			name = "cppparser.cpp";
			sourceTree = "<absolute>";
			lastKnownFileType = "sourcecode.cpp.cpp";
		};
		911CDC590FE9AA05580F3D76 = {
			fileRef = "6E88DEC62B46016A8FA78D77";
			isa = PBXBuildFile;
			settings = {
				ATTRIBUTES = (
					);
			};
		};
		20619EE6A7415B45703FF3D5 = {
			isa = PBXFileReference;
			path = "/Users/apple/code_confusing/FileChooser/DirWatcher/ocparser.cpp";
			name = "ocparser.cpp";
			sourceTree = "<absolute>";
			lastKnownFileType = "sourcecode.cpp.cpp";
		};
		207F62A1F17216EB211656F5 = {
			fileRef = "20619EE6A7415B45703FF3D5";
			isa = PBXBuildFile;
			settings = {
				ATTRIBUTES = (
					);
			};
		};
		45DA7FD150ED002CA8B76D11 = {
			isa = PBXFileReference;
			path = "/Users/apple/code_confusing/FileChooser/DirWatcher/srcfilemodel.cpp";
			name = "srcfilemodel.cpp";
			sourceTree = "<absolute>";
			lastKnownFileType = "sourcecode.cpp.cpp";
		};
		E9E5F2EE836F899F63BE8541 = {
			fileRef = "45DA7FD150ED002CA8B76D11";
			isa = PBXBuildFile;
			settings = {
				ATTRIBUTES = (
					);
			};
		};
		0B1EA9F43ADB5CA8B105C479 = {
			isa = PBXFileReference;
			path = "/Users/apple/code_confusing/FileChooser/DirWatcher/stringutil.cpp";
			name = "stringutil.cpp";
			sourceTree = "<absolute>";
			lastKnownFileType = "sourcecode.cpp.cpp";
		};
		61129C02EEAF09E1564D67EC = {
			fileRef = "0B1EA9F43ADB5CA8B105C479";
			isa = PBXBuildFile;
			settings = {
				ATTRIBUTES = (
					);
			};
		};
		29CCE7294F82C5824DD6F7C8 = {
			isa = PBXFileReference;
			path = "/Users/apple/code_confusing/FileChooser/DirWatcher/database.cpp";
			name = "database.cpp";
			sourceTree = "<absolute>";
			lastKnownFileType = "sourcecode.cpp.cpp";
		};
		E72F98487F1BFD3DB7A8DA04 = {
			fileRef = "29CCE7294F82C5824DD6F7C8";
			isa = PBXBuildFile;
			settings = {
				ATTRIBUTES = (
					);
			};
		};
		CCED71A0AC3029B2F47C68DE = {
			isa = PBXFileReference;
			path = "/Users/apple/code_confusing/FileChooser/DirWatcher/classmodel.cpp";
			name = "classmodel.cpp";
			sourceTree = "<absolute>";
			lastKnownFileType = "sourcecode.cpp.cpp";
		};
		5551CB11F84CADDC03AA4CA0 = {
			fileRef = "CCED71A0AC3029B2F47C68DE";
			isa = PBXBuildFile;
			settings = {
				ATTRIBUTES = (
					);
			};
		};
		3FC1051021ED5E9A3CF865AF = {
			isa = PBXFileReference;
			path = "/Users/apple/code_confusing/FileChooser/DirWatcher/resultdialog.cpp";
			name = "resultdialog.cpp";
			sourceTree = "<absolute>";
			lastKnownFileType = "sourcecode.cpp.cpp";
		};
		2D4F9AE5EBBAB972482468C0 = {
			fileRef = "3FC1051021ED5E9A3CF865AF";
			isa = PBXBuildFile;
			settings = {
				ATTRIBUTES = (
					);
			};
		};
		24D097EBB37D114CD4719125 = {
			isa = PBXFileReference;
			path = "/Users/apple/code_confusing/FileChooser/DirWatcher/tmp/moc_dialog.cpp";
			name = "moc_dialog.cpp";
			sourceTree = "<absolute>";
			lastKnownFileType = "sourcecode.cpp.cpp";
		};
		2E3F6F0DA152757106C3AD1F = {
			fileRef = "24D097EBB37D114CD4719125";
			isa = PBXBuildFile;
			settings = {
				ATTRIBUTES = (
					);
			};
		};
		D8FBA8FF27B7EEDD660FFB02 = {
			isa = PBXFileReference;
			path = "/Users/apple/code_confusing/FileChooser/DirWatcher/tmp/moc_fileviewer.cpp";
			name = "moc_fileviewer.cpp";
			sourceTree = "<absolute>";
			lastKnownFileType = "sourcecode.cpp.cpp";
		};
		4E591CDE85F7D3723C06E4BC = {
			fileRef = "D8FBA8FF27B7EEDD660FFB02";
			isa = PBXBuildFile;
			settings = {
				ATTRIBUTES = (
					);
			};
		};
		6EE51BF8CC7ED78C335603A8 = {
			isa = PBXFileReference;
			path = "/Users/apple/code_confusing/FileChooser/DirWatcher/tmp/moc_resultdialog.cpp";
			name = "moc_resultdialog.cpp";
			sourceTree = "<absolute>";
			lastKnownFileType = "sourcecode.cpp.cpp";
		};
		559134D5EC62C0DF64D5AE8C = {
			fileRef = "6EE51BF8CC7ED78C335603A8";
			isa = PBXBuildFile;
			settings = {
				ATTRIBUTES = (
					);
			};
		};
		F88B9E34A6748D230A5D262D = {
			isa = PBXFileReference;
			path = "/Users/apple/code_confusing/FileChooser/DirWatcher/dialog.h";
			name = "dialog.h";
			sourceTree = "<absolute>";
			lastKnownFileType = "sourcecode.c.h";
		};
		7D2A1994A98187F2A409BEF1 = {
			isa = PBXFileReference;
			path = "/Users/apple/code_confusing/FileChooser/DirWatcher/fileviewer.h";
			name = "fileviewer.h";
			sourceTree = "<absolute>";
			lastKnownFileType = "sourcecode.c.h";
		};
		22A02C70D2DFF9B83F09FAB1 = {
			isa = PBXFileReference;
			path = "/Users/apple/code_confusing/FileChooser/DirWatcher/cppparser.h";
			name = "cppparser.h";
			sourceTree = "<absolute>";
			lastKnownFileType = "sourcecode.c.h";
		};
		F9B9888F8273E132BE88457A = {
			isa = PBXFileReference;
			path = "/Users/apple/code_confusing/FileChooser/DirWatcher/ocparser.h";
			name = "ocparser.h";
			sourceTree = "<absolute>";
			lastKnownFileType = "sourcecode.c.h";
		};
		F9F3A44CF987FB1419260DC9 = {
			isa = PBXFileReference;
			path = "/Users/apple/code_confusing/FileChooser/DirWatcher/srcfilemodel.h";
			name = "srcfilemodel.h";
			sourceTree = "<absolute>";
			lastKnownFileType = "sourcecode.c.h";
		};
		74E949FEF8489D3078478024 = {
			isa = PBXFileReference;
			path = "/Users/apple/code_confusing/FileChooser/DirWatcher/stringutil.h";
			name = "stringutil.h";
			sourceTree = "<absolute>";
			lastKnownFileType = "sourcecode.c.h";
		};
		A9CA64B85EB327BD065DB515 = {
			isa = PBXFileReference;
			path = "/Users/apple/code_confusing/FileChooser/DirWatcher/database.h";
			name = "database.h";
			sourceTree = "<absolute>";
			lastKnownFileType = "sourcecode.c.h";
		};
		18ABD02D891DBB2B4A2BB1C4 = {
			isa = PBXFileReference;
			path = "/Users/apple/code_confusing/FileChooser/DirWatcher/classmodel.h";
			name = "classmodel.h";
			sourceTree = "<absolute>";
			lastKnownFileType = "sourcecode.c.h";
		};
		9A9BB4F5E5AEAE55F3A1C62C = {
			isa = PBXFileReference;
			path = "/Users/apple/code_confusing/FileChooser/DirWatcher/resultdialog.h";
			name = "resultdialog.h";
			sourceTree = "<absolute>";
			lastKnownFileType = "sourcecode.c.h";
		};
		2C1D17D3C5904E0EDB16A584 = {
			isa = PBXFileReference;
			path = "/Users/apple/code_confusing/FileChooser/DirWatcher/CodeConfusing.pro";
			name = "CodeConfusing.pro";
			sourceTree = "<absolute>";
			lastKnownFileType = "text";
		};
		A59C64F84F88F4D0139FDC0D = {
			isa = PBXFileReference;
			path = "/Users/apple/code_confusing/FileChooser/DirWatcher/.qmake.stash";
			name = ".qmake.stash";
			sourceTree = "<absolute>";
		};
		97ACABA70CBE04ABB8193266 = {
			isa = PBXFileReference;
			path = "/Users/apple/Qt/5.9.1/clang_64/mkspecs/features/data/dummy.cpp";
			name = "dummy.cpp";
			sourceTree = "<absolute>";
			lastKnownFileType = "sourcecode.cpp.cpp";
		};
		81700C53CE9A00F271B94E8E = {
			fileRef = "97ACABA70CBE04ABB8193266";
			isa = PBXBuildFile;
			settings = {
				ATTRIBUTES = (
					);
			};
		};
		25B08E2869634E9BCBA333A2 = {
			isa = PBXGroup;
			children = (
				"06B5975EF2AC94907AE54DB5");
			name = "Generated Sources";
			sourceTree = "<group>";
		};
		06B5975EF2AC94907AE54DB5 = {
			isa = PBXGroup;
			children = (
				"24D097EBB37D114CD4719125",
				"D8FBA8FF27B7EEDD660FFB02",
				"6EE51BF8CC7ED78C335603A8");
			name = "tmp";
			sourceTree = "<group>";
		};
		2EB56BE3C2D93CDAB0C52E67 = {
			isa = PBXGroup;
			children = (
				"CFBD223C25D9CD31D78C82E6",
				"C7A2FFE6040816BE9B57466C",
				"A02222F2D5A1937F30E05F81",
				"6E88DEC62B46016A8FA78D77",
				"20619EE6A7415B45703FF3D5",
				"45DA7FD150ED002CA8B76D11",
				"0B1EA9F43ADB5CA8B105C479",
				"29CCE7294F82C5824DD6F7C8",
				"CCED71A0AC3029B2F47C68DE",
				"3FC1051021ED5E9A3CF865AF",
				"F88B9E34A6748D230A5D262D",
				"7D2A1994A98187F2A409BEF1",
				"22A02C70D2DFF9B83F09FAB1",
				"F9B9888F8273E132BE88457A",
				"F9F3A44CF987FB1419260DC9",
				"74E949FEF8489D3078478024",
				"A9CA64B85EB327BD065DB515",
				"18ABD02D891DBB2B4A2BB1C4",
				"9A9BB4F5E5AEAE55F3A1C62C");
			name = "Sources";
			sourceTree = "<group>";
		};
		B8254625CFD509ED2A24A166 = {
			isa = PBXGroup;
			children = (
				"97ACABA70CBE04ABB8193266");
			name = "Sources [moc_predefs]";
			sourceTree = "<group>";
		};
		74B182DB50CB5611B5C1C297 = {
			isa = PBXGroup;
			children = (
				"2C1D17D3C5904E0EDB16A584",
				"A59C64F84F88F4D0139FDC0D");
			name = "Supporting Files";
			sourceTree = "<group>";
		};
		7EF0942E79C014DCEC8976BC = {
			buildActionMask = 2147483647;
			files = (
				);
			isa = PBXShellScriptBuildPhase;
			runOnlyForDeploymentPostprocessing = 0;
			name = "Qt Preprocessors";
			shellPath = "/bin/sh";
			shellScript = "make -C /Users/apple/code_confusing/FileChooser/DirWatcher -f qt_preprocess.mak";
			showEnvVarsInLog = "0";
		};
		F7E50F631C51CD5B5DC0BC43 = {
			buildActionMask = 2147483647;
			files = (
				"71C8743EC4CA9B3392C55560",
				"A6511FD23E3A3C905EB0CDE0",
				"38662245CC3FFA33AAF054AF",
				"911CDC590FE9AA05580F3D76",
				"207F62A1F17216EB211656F5",
				"E9E5F2EE836F899F63BE8541",
				"61129C02EEAF09E1564D67EC",
				"E72F98487F1BFD3DB7A8DA04",
				"5551CB11F84CADDC03AA4CA0",
				"2D4F9AE5EBBAB972482468C0",
				"2E3F6F0DA152757106C3AD1F",
				"4E591CDE85F7D3723C06E4BC",
				"559134D5EC62C0DF64D5AE8C",
				"81700C53CE9A00F271B94E8E");
			isa = PBXSourcesBuildPhase;
			runOnlyForDeploymentPostprocessing = 0;
			name = "Compile Sources";
		};
		8CC0A9F4BC44F08FE2C51FF9 = {
			isa = PBXFileReference;
			name = "QtWidgets.framework";
			path = "/Users/apple/Qt/5.9.1/clang_64/lib/QtWidgets.framework";
			refType = 0;
			sourceTree = "<absolute>";
			lastKnownFileType = "wrapper.framework";
		};
		8C9CA777ABD673540DA8E484 = {
			fileRef = "8CC0A9F4BC44F08FE2C51FF9";
			isa = PBXBuildFile;
			settings = {
			};
		};
		E54B6F1E1A46CB37F877C270 = {
			isa = PBXFileReference;
			name = "QtGui.framework";
			path = "/Users/apple/Qt/5.9.1/clang_64/lib/QtGui.framework";
			refType = 0;
			sourceTree = "<absolute>";
			lastKnownFileType = "wrapper.framework";
		};
		1B1D1FE165FF8BC4841EDACB = {
			fileRef = "E54B6F1E1A46CB37F877C270";
			isa = PBXBuildFile;
			settings = {
			};
		};
		43B5E9E434FB96756DF65FBB = {
			isa = PBXFileReference;
			name = "QtCore.framework";
			path = "/Users/apple/Qt/5.9.1/clang_64/lib/QtCore.framework";
			refType = 0;
			sourceTree = "<absolute>";
			lastKnownFileType = "wrapper.framework";
		};
		16E9046C974C42209D049092 = {
			fileRef = "43B5E9E434FB96756DF65FBB";
			isa = PBXBuildFile;
			settings = {
			};
		};
		2B774D8E4178765CE52EAAF5 = {
			isa = PBXFileReference;
			name = "DiskArbitration.framework";
			path = "/System/Library/Frameworks/DiskArbitration.framework";
			refType = 0;
			sourceTree = "<absolute>";
			lastKnownFileType = "wrapper.framework";
		};
		A99B2AA0F9CBBDD12BA126A4 = {
			fileRef = "2B774D8E4178765CE52EAAF5";
			isa = PBXBuildFile;
			settings = {
			};
		};
		A1A67BEAA744704B29168D39 = {
			isa = PBXFileReference;
			name = "IOKit.framework";
			path = "/System/Library/Frameworks/IOKit.framework";
			refType = 0;
			sourceTree = "<absolute>";
			lastKnownFileType = "wrapper.framework";
		};
		8D267F2E4776F0ECA2F49DC8 = {
			fileRef = "A1A67BEAA744704B29168D39";
			isa = PBXBuildFile;
			settings = {
			};
		};
		D4B32C2222F82AC56BADEB21 = {
			isa = PBXFileReference;
			name = "OpenGL.framework";
			path = "/System/Library/Frameworks/OpenGL.framework";
			refType = 0;
			sourceTree = "<absolute>";
			lastKnownFileType = "wrapper.framework";
		};
		8771A8C96E9C391044035D99 = {
			fileRef = "D4B32C2222F82AC56BADEB21";
			isa = PBXBuildFile;
			settings = {
			};
		};
		8D9815BDB5BD9F90D2BC05C5 = {
			isa = PBXFileReference;
			name = "AGL.framework";
			path = "/System/Library/Frameworks/AGL.framework";
			refType = 0;
			sourceTree = "<absolute>";
			lastKnownFileType = "wrapper.framework";
		};
		E45E51A644D5FC9F942ECE55 = {
			fileRef = "8D9815BDB5BD9F90D2BC05C5";
			isa = PBXBuildFile;
			settings = {
			};
		};
		AF39DD055C3EF8226FBE929D = {
			children = (
				"8CC0A9F4BC44F08FE2C51FF9",
				"E54B6F1E1A46CB37F877C270",
				"43B5E9E434FB96756DF65FBB",
				"2B774D8E4178765CE52EAAF5",
				"A1A67BEAA744704B29168D39",
				"D4B32C2222F82AC56BADEB21",
				"8D9815BDB5BD9F90D2BC05C5");
			isa = PBXGroup;
			name = "Frameworks";
			sourceTree = "<group>";
		};
		D1C883685E82D5676953459A = {
			buildActionMask = 2147483647;
			files = (
				"8C9CA777ABD673540DA8E484",
				"1B1D1FE165FF8BC4841EDACB",
				"16E9046C974C42209D049092",
				"A99B2AA0F9CBBDD12BA126A4",
				"8D267F2E4776F0ECA2F49DC8",
				"8771A8C96E9C391044035D99",
				"E45E51A644D5FC9F942ECE55");
			isa = PBXFrameworksBuildPhase;
			runOnlyForDeploymentPostprocessing = 0;
			name = "Link Binary With Libraries";
		};
		30414803F31797EB689AE508 = {
			buildActionMask = 2147483647;
			files = (
				);
			isa = PBXResourcesBuildPhase;
			runOnlyForDeploymentPostprocessing = 0;
			name = "Copy Bundle Resources";
		};
		99542592E9780B9225F24AA8 = {
			isa = PBXCopyFilesBuildPhase;
			buildActionMask = 2147483647;
			dstPath = "";
			dstSubfolderSpec = 10;
			files = (
				);
			name = "Embed Frameworks";
			runOnlyForDeploymentPostprocessing = 0;
		};
		743F9D66EC142A1C056B3CE7 = {
			isa = PBXFileReference;
			includeInIndex = 0;
			explicitFileType = "wrapper.application";
			path = "CodeConfusing.app";
			sourceTree = BUILT_PRODUCTS_DIR;
		};
		FE0A091FDBFB3E9C31B7A1BD = {
			children = (
				"743F9D66EC142A1C056B3CE7");
			isa = PBXGroup;
			name = "Products";
			sourceTree = "<group>";
		};
		E8C543AB96796ECAA2E65C57 = {
			children = (
				"2EB56BE3C2D93CDAB0C52E67",
				"25B08E2869634E9BCBA333A2",
				"74B182DB50CB5611B5C1C297",
				"B8254625CFD509ED2A24A166",
				"AF39DD055C3EF8226FBE929D",
				"FE0A091FDBFB3E9C31B7A1BD");
			isa = PBXGroup;
			name = "CodeConfusing";
			sourceTree = "<group>";
		};
		BDA20F5177673F4DC1FE55FB = {
			buildPhases = (
				"5E618435888B9D49F8540165",
				"7EF0942E79C014DCEC8976BC");
			dependencies = (
				);
			buildConfigurationList = 6CC3B5D2136C7CD6A5CF5A59;
			isa = PBXAggregateTarget;
			buildRules = (
);
			productName = "Qt Preprocess";
			name = "Qt Preprocess";
		};
		5AE2D86B38C82180838715DD = {
			isa = PBXTargetDependency;
			target = "BDA20F5177673F4DC1FE55FB";
		};
		C6D3AF147430DFF25592F51F = {
			buildPhases = (
				"F7E50F631C51CD5B5DC0BC43",
				"D1C883685E82D5676953459A",
				"30414803F31797EB689AE508",
				"99542592E9780B9225F24AA8");
			dependencies = (
				"5AE2D86B38C82180838715DD");
			productReference = "743F9D66EC142A1C056B3CE7";
			buildConfigurationList = 6CC3B5D2136C7CD6A5CF5A59;
			isa = PBXNativeTarget;
			buildRules = (
);
			productType = "com.apple.product-type.application";
			name = "CodeConfusing";
			productName = "CodeConfusing";
		};
		3AA6C32AC930069E80220CF1 = {
			isa = XCBuildConfiguration;
			buildSettings = {
				APPLICATION_EXTENSION_API_ONLY = "NO";
				"ARCHS[sdk=macosx*]" = "x86_64";
				COPY_PHASE_STRIP = "NO";
				DEVELOPMENT_TEAM = "AD83S5EY65";
				ENABLE_BITCODE = "NO";
				GCC_GENERATE_DEBUGGING_SYMBOLS = "YES";
				GCC_OPTIMIZATION_LEVEL = "0";
				ONLY_ACTIVE_ARCH = "YES";
				PRODUCT_NAME = "CodeConfusing";
				QT_LIBRARY_SUFFIX = "_debug";
				SDKROOT = "macosx";
				GCC_VERSION = com.apple.compilers.llvm.clang.1_0;
				CC = "/Applications/Xcode.app/Contents/Developer/Toolchains/XcodeDefault.xctoolchain/usr/bin/clang";
				LDPLUSPLUS = "/Applications/Xcode.app/Contents/Developer/Toolchains/XcodeDefault.xctoolchain/usr/bin/clang++";
				INFOPLIST_FILE = "Info.plist";
				SYMROOT = "/Users/apple/code_confusing/FileChooser/DirWatcher";
				DYLIB_CURRENT_VERSION = "1.0.0";
				DYLIB_COMPATIBILITY_VERSION = "1.0";
				MACOSX_DEPLOYMENT_TARGET = "10.10";
				HEADER_SEARCH_PATHS = (
					".",
					"../../../Qt/5.9.1/clang_64/lib/QtWidgets.framework/Headers",
					"../../../Qt/5.9.1/clang_64/lib/QtGui.framework/Headers",
					"../../../Qt/5.9.1/clang_64/lib/QtCore.framework/Headers",
					"tmp",
					"/Applications/Xcode.app/Contents/Developer/Platforms/MacOSX.platform/Developer/SDKs/MacOSX10.12.sdk/System/Library/Frameworks/OpenGL.framework/Headers",
					"/Applications/Xcode.app/Contents/Developer/Platforms/MacOSX.platform/Developer/SDKs/MacOSX10.12.sdk/System/Library/Frameworks/AGL.framework/Headers",
					"../../../Qt/5.9.1/clang_64/mkspecs/macx-clang");
				LIBRARY_SEARCH_PATHS = (
					"/Users/apple/Qt/5.9.1/clang_64/lib",
					"/System/Library/Frameworks/");
				FRAMEWORK_SEARCH_PATHS = (
					"/Users/apple/Qt/5.9.1/clang_64/lib",
					"/Users/apple/Qt/5.9.1/clang_64/lib");
				OTHER_CFLAGS = (
					"-pipe",
					"-O2",
					"-Wall",
					"-W",
					"-fPIC",
					"-DQT_NO_DEBUG",
					"-DQT_WIDGETS_LIB",
					"-DQT_GUI_LIB",
					"-DQT_CORE_LIB");
				OTHER_CPLUSPLUSFLAGS = (
					"-pipe",
					"-stdlib=libc++",
					"-O2",
					"-std=gnu++11",
					"-Wall",
					"-W",
					"-fPIC",
					"-DQT_NO_DEBUG",
					"-DQT_WIDGETS_LIB",
					"-DQT_GUI_LIB",
					"-DQT_CORE_LIB");
				OTHER_LDFLAGS = (
						"-stdlib=libc++",
						"-headerpad_max_install_names",
						"-Wl,-rpath,@executable_path/Frameworks",
						"-Wl,-rpath,/Users/apple/Qt/5.9.1/clang_64/lib",
						"-F/Users/apple/Qt/5.9.1/clang_64/lib");
				ARCHS = "x86_64";
				OBJROOT = "tmp/";
			};
			name = "Debug";
		};
		77418F46922677BB04ED38DD = {
			isa = XCBuildConfiguration;
			buildSettings = {
				APPLICATION_EXTENSION_API_ONLY = "NO";
				"ARCHS[sdk=macosx*]" = "x86_64";
				COPY_PHASE_STRIP = "NO";
				DEVELOPMENT_TEAM = "AD83S5EY65";
				ENABLE_BITCODE = "NO";
				GCC_GENERATE_DEBUGGING_SYMBOLS = "YES";
				GCC_OPTIMIZATION_LEVEL = "0";
				ONLY_ACTIVE_ARCH = "YES";
				PRODUCT_NAME = "CodeConfusing";
				QT_LIBRARY_SUFFIX = "_debug";
				SDKROOT = "macosx";
				PRODUCT_NAME = "CodeConfusing";
			};
			name = "Debug";
		};
		339EE1B2CC4FC24589A0EA95 = {
			isa = XCBuildConfiguration;
			buildSettings = {
				APPLICATION_EXTENSION_API_ONLY = "NO";
				"ARCHS[sdk=macosx*]" = "x86_64";
				COPY_PHASE_STRIP = "YES";
				DEVELOPMENT_TEAM = "AD83S5EY65";
				ENABLE_BITCODE = "NO";
				GCC_GENERATE_DEBUGGING_SYMBOLS = "NO";
				PRODUCT_NAME = "CodeConfusing";
				QT_LIBRARY_SUFFIX = "";
				SDKROOT = "macosx";
				GCC_VERSION = com.apple.compilers.llvm.clang.1_0;
				CC = "/Applications/Xcode.app/Contents/Developer/Toolchains/XcodeDefault.xctoolchain/usr/bin/clang";
				LDPLUSPLUS = "/Applications/Xcode.app/Contents/Developer/Toolchains/XcodeDefault.xctoolchain/usr/bin/clang++";
				INFOPLIST_FILE = "Info.plist";
				SYMROOT = "/Users/apple/code_confusing/FileChooser/DirWatcher";
				DYLIB_CURRENT_VERSION = "1.0.0";
				DYLIB_COMPATIBILITY_VERSION = "1.0";
				MACOSX_DEPLOYMENT_TARGET = "10.10";
				HEADER_SEARCH_PATHS = (
					".",
					"../../../Qt/5.9.1/clang_64/lib/QtWidgets.framework/Headers",
					"../../../Qt/5.9.1/clang_64/lib/QtGui.framework/Headers",
					"../../../Qt/5.9.1/clang_64/lib/QtCore.framework/Headers",
					"tmp",
					"/Applications/Xcode.app/Contents/Developer/Platforms/MacOSX.platform/Developer/SDKs/MacOSX10.12.sdk/System/Library/Frameworks/OpenGL.framework/Headers",
					"/Applications/Xcode.app/Contents/Developer/Platforms/MacOSX.platform/Developer/SDKs/MacOSX10.12.sdk/System/Library/Frameworks/AGL.framework/Headers",
					"../../../Qt/5.9.1/clang_64/mkspecs/macx-clang");
				LIBRARY_SEARCH_PATHS = (
					"/Users/apple/Qt/5.9.1/clang_64/lib",
					"/System/Library/Frameworks/");
				FRAMEWORK_SEARCH_PATHS = (
					"/Users/apple/Qt/5.9.1/clang_64/lib",
					"/Users/apple/Qt/5.9.1/clang_64/lib");
				OTHER_CFLAGS = (
					"-pipe",
					"-O2",
					"-Wall",
					"-W",
					"-fPIC",
					"-DQT_NO_DEBUG",
					"-DQT_WIDGETS_LIB",
					"-DQT_GUI_LIB",
					"-DQT_CORE_LIB");
				OTHER_CPLUSPLUSFLAGS = (
					"-pipe",
					"-stdlib=libc++",
					"-O2",
					"-std=gnu++11",
					"-Wall",
					"-W",
					"-fPIC",
					"-DQT_NO_DEBUG",
					"-DQT_WIDGETS_LIB",
					"-DQT_GUI_LIB",
					"-DQT_CORE_LIB");
				OTHER_LDFLAGS = (
						"-stdlib=libc++",
						"-headerpad_max_install_names",
						"-Wl,-rpath,@executable_path/Frameworks",
						"-Wl,-rpath,/Users/apple/Qt/5.9.1/clang_64/lib",
						"-F/Users/apple/Qt/5.9.1/clang_64/lib");
				ARCHS = "x86_64";
				OBJROOT = "tmp/";
			};
			name = "Release";
		};
		6666AA5E688052234F6758D8 = {
			isa = XCBuildConfiguration;
			buildSettings = {
				APPLICATION_EXTENSION_API_ONLY = "NO";
				"ARCHS[sdk=macosx*]" = "x86_64";
				COPY_PHASE_STRIP = "YES";
				DEVELOPMENT_TEAM = "AD83S5EY65";
				ENABLE_BITCODE = "NO";
				GCC_GENERATE_DEBUGGING_SYMBOLS = "NO";
				PRODUCT_NAME = "CodeConfusing";
				QT_LIBRARY_SUFFIX = "";
				SDKROOT = "macosx";
				PRODUCT_NAME = "CodeConfusing";
			};
			name = "Release";
		};
		DAC4C1AA5EDEA1C85E9CA5E6 = {
			isa = XCConfigurationList;
			buildConfigurations = (
				"3AA6C32AC930069E80220CF1",
				"339EE1B2CC4FC24589A0EA95");
			defaultConfigurationIsVisible = 0;
			defaultConfigurationName = "Release";
		};
		6CC3B5D2136C7CD6A5CF5A59 = {
			isa = XCConfigurationList;
			buildConfigurations = (
				"77418F46922677BB04ED38DD",
				"6666AA5E688052234F6758D8");
			defaultConfigurationIsVisible = 0;
			defaultConfigurationName = "Release";
		};
		6DB9C3763D02B1415CD9D565 = {
			hasScannedForEncodings = 1;
			compatibilityVersion = "Xcode 3.2";
			isa = PBXProject;
			mainGroup = "E8C543AB96796ECAA2E65C57";
			productRefGroup = "FE0A091FDBFB3E9C31B7A1BD";
			buildConfigurationList = "DAC4C1AA5EDEA1C85E9CA5E6";
			projectDirPath = "";
			projectRoot = "";
			targets = (
				"C6D3AF147430DFF25592F51F",
				"BDA20F5177673F4DC1FE55FB");
			attributes = {
				TargetAttributes = {
				};
			};
		};
	};
	rootObject = "6DB9C3763D02B1415CD9D565";
}
