// !$*UTF8*$!
{
	archiveVersion = 1;
	classes = {
	};
	objectVersion = 46;
	objects = {

/* Begin PBXAggregateTarget section */
		E7DD289902E4185AB3F804D1 /* Qt Preprocess */ = {
			isa = PBXAggregateTarget;
			buildConfigurationList = 6CC3B5D2136C7CD6A5CF5A59 /* Build configuration list for PBXNativeTarget "CodeConfusing" */;
			buildPhases = (
				5E618435888B9D49F8540165 /* Qt Qmake */,
				7EF0942E79C014DCEC8976BC /* Qt Preprocessors */,
			);
			dependencies = (
			);
			name = "Qt Preprocess";
			productName = "Qt Preprocess";
		};
/* End PBXAggregateTarget section */

/* Begin PBXBuildFile section */
		101346612BF2A255A40E9AF1 /* stringutil.cpp in Compile Sources */ = {isa = PBXBuildFile; fileRef = 0653474CBBE6E300131DD7AE /* stringutil.cpp */; settings = {ATTRIBUTES = (); }; };
		16E9046C974C42209D049092 /* QtCore.framework in Link Binary With Libraries */ = {isa = PBXBuildFile; fileRef = 43B5E9E434FB96756DF65FBB /* QtCore.framework */; };
		18B977591FCFD46700BA43BB /* DICT.TXT in Copy Bundle Resources */ = {isa = PBXBuildFile; fileRef = 18B977571FCFD46700BA43BB /* DICT.TXT */; };
		18B9775A1FCFD46700BA43BB /* reskeys.txt in Copy Bundle Resources */ = {isa = PBXBuildFile; fileRef = 18B977581FCFD46700BA43BB /* reskeys.txt */; };
		1B1D1FE165FF8BC4841EDACB /* QtGui.framework in Link Binary With Libraries */ = {isa = PBXBuildFile; fileRef = E54B6F1E1A46CB37F877C270 /* QtGui.framework */; };
		2A0166D3270BD2177481DB9D /* database.cpp in Compile Sources */ = {isa = PBXBuildFile; fileRef = C5C3FE26DB2007EB728B0717 /* database.cpp */; settings = {ATTRIBUTES = (); }; };
		2A054E35803FD69B008BE256 /* cppparser.cpp in Compile Sources */ = {isa = PBXBuildFile; fileRef = 7732BCDFB12DE876872CCA6B /* cppparser.cpp */; settings = {ATTRIBUTES = (); }; };
		405279D59C592B1C35518CE6 /* moc_resultdialog.cpp in Compile Sources */ = {isa = PBXBuildFile; fileRef = D7C645B720B51423248BAEA6 /* moc_resultdialog.cpp */; settings = {ATTRIBUTES = (); }; };
		466F2017BC951993D88C5CB6 /* main.cpp in Compile Sources */ = {isa = PBXBuildFile; fileRef = 88497F67E267279C3222448A /* main.cpp */; settings = {ATTRIBUTES = (); }; };
		51B35D98F01468F1128B8DF0 /* ocparser.cpp in Compile Sources */ = {isa = PBXBuildFile; fileRef = DF0704EB45E03410C45A59AE /* ocparser.cpp */; settings = {ATTRIBUTES = (); }; };
		59501181EBA9F9C202018404 /* moc_dialog.cpp in Compile Sources */ = {isa = PBXBuildFile; fileRef = 47BF4CBDD63A91B3FFF95FEF /* moc_dialog.cpp */; settings = {ATTRIBUTES = (); }; };
		5A1E16C6E07DCCF15903A21F /* dialog.cpp in Compile Sources */ = {isa = PBXBuildFile; fileRef = 6F5156C45A95669CDB400E42 /* dialog.cpp */; settings = {ATTRIBUTES = (); }; };
		81700C53CE9A00F271B94E8E /* dummy.cpp in Compile Sources */ = {isa = PBXBuildFile; fileRef = 97ACABA70CBE04ABB8193266 /* dummy.cpp */; settings = {ATTRIBUTES = (); }; };
		8771A8C96E9C391044035D99 /* OpenGL.framework in Link Binary With Libraries */ = {isa = PBXBuildFile; fileRef = D4B32C2222F82AC56BADEB21 /* OpenGL.framework */; };
		8C9CA777ABD673540DA8E484 /* QtWidgets.framework in Link Binary With Libraries */ = {isa = PBXBuildFile; fileRef = 8CC0A9F4BC44F08FE2C51FF9 /* QtWidgets.framework */; };
		8D267F2E4776F0ECA2F49DC8 /* IOKit.framework in Link Binary With Libraries */ = {isa = PBXBuildFile; fileRef = A1A67BEAA744704B29168D39 /* IOKit.framework */; };
		93F4CAAC48903230589668D7 /* classmodel.cpp in Compile Sources */ = {isa = PBXBuildFile; fileRef = 2F0ACCE2F689FE1EA6491E2D /* classmodel.cpp */; settings = {ATTRIBUTES = (); }; };
		94E9EFF9859B3D8002D1EEB6 /* srcfilemodel.cpp in Compile Sources */ = {isa = PBXBuildFile; fileRef = D80DC840038036E3DF58B448 /* srcfilemodel.cpp */; settings = {ATTRIBUTES = (); }; };
		A99B2AA0F9CBBDD12BA126A4 /* DiskArbitration.framework in Link Binary With Libraries */ = {isa = PBXBuildFile; fileRef = 2B774D8E4178765CE52EAAF5 /* DiskArbitration.framework */; };
		B5DC52A1DDDA09F9293379F3 /* moc_fileviewer.cpp in Compile Sources */ = {isa = PBXBuildFile; fileRef = 625EC259F2AAC95691808F03 /* moc_fileviewer.cpp */; settings = {ATTRIBUTES = (); }; };
		D0F5B29B623CB1E872A43126 /* resultdialog.cpp in Compile Sources */ = {isa = PBXBuildFile; fileRef = 4EA95D9718DF2B5AC16C08AA /* resultdialog.cpp */; settings = {ATTRIBUTES = (); }; };
		E45E51A644D5FC9F942ECE55 /* AGL.framework in Link Binary With Libraries */ = {isa = PBXBuildFile; fileRef = 8D9815BDB5BD9F90D2BC05C5 /* AGL.framework */; };
		E8DFC1FF0A792B0CDBAA4F86 /* fileviewer.cpp in Compile Sources */ = {isa = PBXBuildFile; fileRef = 606935A7FE89B66C7CFF8C58 /* fileviewer.cpp */; settings = {ATTRIBUTES = (); }; };
/* End PBXBuildFile section */

/* Begin PBXContainerItemProxy section */
		18B7E0331FCFD0F400ED728A /* PBXContainerItemProxy */ = {
			isa = PBXContainerItemProxy;
			containerPortal = 6DB9C3763D02B1415CD9D565 /* Project object */;
			proxyType = 1;
			remoteGlobalIDString = E7DD289902E4185AB3F804D1;
			remoteInfo = "Qt Preprocess";
		};
/* End PBXContainerItemProxy section */

/* Begin PBXCopyFilesBuildPhase section */
		99542592E9780B9225F24AA8 /* Embed Frameworks */ = {
			isa = PBXCopyFilesBuildPhase;
			buildActionMask = 2147483647;
			dstPath = "";
			dstSubfolderSpec = 10;
			files = (
			);
			name = "Embed Frameworks";
			runOnlyForDeploymentPostprocessing = 0;
		};
/* End PBXCopyFilesBuildPhase section */

/* Begin PBXFileReference section */
		0653474CBBE6E300131DD7AE /* stringutil.cpp */ = {isa = PBXFileReference; lastKnownFileType = sourcecode.cpp.cpp; name = stringutil.cpp; path = /Users/apple/CodeConfusingTool/CodeConfusing/stringutil.cpp; sourceTree = "<absolute>"; };
		08BB4BA3CD6481973024F87B /* resultdialog.h */ = {isa = PBXFileReference; lastKnownFileType = sourcecode.c.h; name = resultdialog.h; path = /Users/apple/CodeConfusingTool/CodeConfusing/resultdialog.h; sourceTree = "<absolute>"; };
		18B977571FCFD46700BA43BB /* DICT.TXT */ = {isa = PBXFileReference; fileEncoding = 4; lastKnownFileType = text; path = DICT.TXT; sourceTree = "<group>"; };
		18B977581FCFD46700BA43BB /* reskeys.txt */ = {isa = PBXFileReference; fileEncoding = 4; lastKnownFileType = text; path = reskeys.txt; sourceTree = "<group>"; };
		1A7B89C1E82AC3978E54DFE0 /* classmodel.h */ = {isa = PBXFileReference; lastKnownFileType = sourcecode.c.h; name = classmodel.h; path = /Users/apple/CodeConfusingTool/CodeConfusing/classmodel.h; sourceTree = "<absolute>"; };
		2B774D8E4178765CE52EAAF5 /* DiskArbitration.framework */ = {isa = PBXFileReference; lastKnownFileType = wrapper.framework; name = DiskArbitration.framework; path = /System/Library/Frameworks/DiskArbitration.framework; sourceTree = "<absolute>"; };
		2F0ACCE2F689FE1EA6491E2D /* classmodel.cpp */ = {isa = PBXFileReference; lastKnownFileType = sourcecode.cpp.cpp; name = classmodel.cpp; path = /Users/apple/CodeConfusingTool/CodeConfusing/classmodel.cpp; sourceTree = "<absolute>"; };
		43B5E9E434FB96756DF65FBB /* QtCore.framework */ = {isa = PBXFileReference; lastKnownFileType = wrapper.framework; name = QtCore.framework; path = /Users/apple/Qt/5.9.1/clang_64/lib/QtCore.framework; sourceTree = "<absolute>"; };
		47BF4CBDD63A91B3FFF95FEF /* moc_dialog.cpp */ = {isa = PBXFileReference; lastKnownFileType = sourcecode.cpp.cpp; name = moc_dialog.cpp; path = /Users/apple/CodeConfusingTool/CodeConfusing/tmp/moc_dialog.cpp; sourceTree = "<absolute>"; };
		4EA95D9718DF2B5AC16C08AA /* resultdialog.cpp */ = {isa = PBXFileReference; lastKnownFileType = sourcecode.cpp.cpp; name = resultdialog.cpp; path = /Users/apple/CodeConfusingTool/CodeConfusing/resultdialog.cpp; sourceTree = "<absolute>"; };
		606935A7FE89B66C7CFF8C58 /* fileviewer.cpp */ = {isa = PBXFileReference; lastKnownFileType = sourcecode.cpp.cpp; name = fileviewer.cpp; path = /Users/apple/CodeConfusingTool/CodeConfusing/fileviewer.cpp; sourceTree = "<absolute>"; };
		625EC259F2AAC95691808F03 /* moc_fileviewer.cpp */ = {isa = PBXFileReference; lastKnownFileType = sourcecode.cpp.cpp; name = moc_fileviewer.cpp; path = /Users/apple/CodeConfusingTool/CodeConfusing/tmp/moc_fileviewer.cpp; sourceTree = "<absolute>"; };
		666DC4DD192B3020DFA82B0C /* dialog.h */ = {isa = PBXFileReference; lastKnownFileType = sourcecode.c.h; name = dialog.h; path = /Users/apple/CodeConfusingTool/CodeConfusing/dialog.h; sourceTree = "<absolute>"; };
		6F5156C45A95669CDB400E42 /* dialog.cpp */ = {isa = PBXFileReference; lastKnownFileType = sourcecode.cpp.cpp; name = dialog.cpp; path = /Users/apple/CodeConfusingTool/CodeConfusing/dialog.cpp; sourceTree = "<absolute>"; };
		76A968F3D0FB315391DDC057 /* ocparser.h */ = {isa = PBXFileReference; lastKnownFileType = sourcecode.c.h; name = ocparser.h; path = /Users/apple/CodeConfusingTool/CodeConfusing/ocparser.h; sourceTree = "<absolute>"; };
		7732BCDFB12DE876872CCA6B /* cppparser.cpp */ = {isa = PBXFileReference; lastKnownFileType = sourcecode.cpp.cpp; name = cppparser.cpp; path = /Users/apple/CodeConfusingTool/CodeConfusing/cppparser.cpp; sourceTree = "<absolute>"; };
		88497F67E267279C3222448A /* main.cpp */ = {isa = PBXFileReference; lastKnownFileType = sourcecode.cpp.cpp; name = main.cpp; path = /Users/apple/CodeConfusingTool/CodeConfusing/main.cpp; sourceTree = "<absolute>"; };
		8CC0A9F4BC44F08FE2C51FF9 /* QtWidgets.framework */ = {isa = PBXFileReference; lastKnownFileType = wrapper.framework; name = QtWidgets.framework; path = /Users/apple/Qt/5.9.1/clang_64/lib/QtWidgets.framework; sourceTree = "<absolute>"; };
		8D9815BDB5BD9F90D2BC05C5 /* AGL.framework */ = {isa = PBXFileReference; lastKnownFileType = wrapper.framework; name = AGL.framework; path = /System/Library/Frameworks/AGL.framework; sourceTree = "<absolute>"; };
		97ACABA70CBE04ABB8193266 /* dummy.cpp */ = {isa = PBXFileReference; lastKnownFileType = sourcecode.cpp.cpp; name = dummy.cpp; path = /Users/apple/Qt/5.9.1/clang_64/mkspecs/features/data/dummy.cpp; sourceTree = "<absolute>"; };
		9E094F30D3677E7C84AE1E33 /* srcfilemodel.h */ = {isa = PBXFileReference; lastKnownFileType = sourcecode.c.h; name = srcfilemodel.h; path = /Users/apple/CodeConfusingTool/CodeConfusing/srcfilemodel.h; sourceTree = "<absolute>"; };
		A1A67BEAA744704B29168D39 /* IOKit.framework */ = {isa = PBXFileReference; lastKnownFileType = wrapper.framework; name = IOKit.framework; path = /System/Library/Frameworks/IOKit.framework; sourceTree = "<absolute>"; };
		ACE5793D523C49F8848979AF /* CodeConfusing.app */ = {isa = PBXFileReference; explicitFileType = wrapper.application; includeInIndex = 0; path = CodeConfusing.app; sourceTree = BUILT_PRODUCTS_DIR; };
		B98E06055A4774AA62A0D5E7 /* fileviewer.h */ = {isa = PBXFileReference; lastKnownFileType = sourcecode.c.h; name = fileviewer.h; path = /Users/apple/CodeConfusingTool/CodeConfusing/fileviewer.h; sourceTree = "<absolute>"; };
		C5C3FE26DB2007EB728B0717 /* database.cpp */ = {isa = PBXFileReference; lastKnownFileType = sourcecode.cpp.cpp; name = database.cpp; path = /Users/apple/CodeConfusingTool/CodeConfusing/database.cpp; sourceTree = "<absolute>"; };
		C7B0B6D7584809554B15918E /* .qmake.stash */ = {isa = PBXFileReference; lastKnownFileType = text; name = .qmake.stash; path = /Users/apple/CodeConfusingTool/CodeConfusing/.qmake.stash; sourceTree = "<absolute>"; };
		C918E642125AC5859C0281C7 /* database.h */ = {isa = PBXFileReference; lastKnownFileType = sourcecode.c.h; name = database.h; path = /Users/apple/CodeConfusingTool/CodeConfusing/database.h; sourceTree = "<absolute>"; };
		CF991D37385F8784F3CDBC4B /* stringutil.h */ = {isa = PBXFileReference; lastKnownFileType = sourcecode.c.h; name = stringutil.h; path = /Users/apple/CodeConfusingTool/CodeConfusing/stringutil.h; sourceTree = "<absolute>"; };
		D4B32C2222F82AC56BADEB21 /* OpenGL.framework */ = {isa = PBXFileReference; lastKnownFileType = wrapper.framework; name = OpenGL.framework; path = /System/Library/Frameworks/OpenGL.framework; sourceTree = "<absolute>"; };
		D7C645B720B51423248BAEA6 /* moc_resultdialog.cpp */ = {isa = PBXFileReference; lastKnownFileType = sourcecode.cpp.cpp; name = moc_resultdialog.cpp; path = /Users/apple/CodeConfusingTool/CodeConfusing/tmp/moc_resultdialog.cpp; sourceTree = "<absolute>"; };
		D80DC840038036E3DF58B448 /* srcfilemodel.cpp */ = {isa = PBXFileReference; lastKnownFileType = sourcecode.cpp.cpp; name = srcfilemodel.cpp; path = /Users/apple/CodeConfusingTool/CodeConfusing/srcfilemodel.cpp; sourceTree = "<absolute>"; };
		DF0704EB45E03410C45A59AE /* ocparser.cpp */ = {isa = PBXFileReference; lastKnownFileType = sourcecode.cpp.cpp; name = ocparser.cpp; path = /Users/apple/CodeConfusingTool/CodeConfusing/ocparser.cpp; sourceTree = "<absolute>"; };
		E54B6F1E1A46CB37F877C270 /* QtGui.framework */ = {isa = PBXFileReference; lastKnownFileType = wrapper.framework; name = QtGui.framework; path = /Users/apple/Qt/5.9.1/clang_64/lib/QtGui.framework; sourceTree = "<absolute>"; };
		F27E9AA3007B75C6253B912F /* cppparser.h */ = {isa = PBXFileReference; lastKnownFileType = sourcecode.c.h; name = cppparser.h; path = /Users/apple/CodeConfusingTool/CodeConfusing/cppparser.h; sourceTree = "<absolute>"; };
		F4223288F20CBC115C82F5EC /* CodeConfusing.pro */ = {isa = PBXFileReference; lastKnownFileType = text; name = CodeConfusing.pro; path = /Users/apple/CodeConfusingTool/CodeConfusing/CodeConfusing.pro; sourceTree = "<absolute>"; };
/* End PBXFileReference section */

/* Begin PBXFrameworksBuildPhase section */
		D1C883685E82D5676953459A /* Link Binary With Libraries */ = {
			isa = PBXFrameworksBuildPhase;
			buildActionMask = 2147483647;
			files = (
				8C9CA777ABD673540DA8E484 /* QtWidgets.framework in Link Binary With Libraries */,
				1B1D1FE165FF8BC4841EDACB /* QtGui.framework in Link Binary With Libraries */,
				16E9046C974C42209D049092 /* QtCore.framework in Link Binary With Libraries */,
				A99B2AA0F9CBBDD12BA126A4 /* DiskArbitration.framework in Link Binary With Libraries */,
				8D267F2E4776F0ECA2F49DC8 /* IOKit.framework in Link Binary With Libraries */,
				8771A8C96E9C391044035D99 /* OpenGL.framework in Link Binary With Libraries */,
				E45E51A644D5FC9F942ECE55 /* AGL.framework in Link Binary With Libraries */,
			);
			name = "Link Binary With Libraries";
			runOnlyForDeploymentPostprocessing = 0;
		};
/* End PBXFrameworksBuildPhase section */

/* Begin PBXGroup section */
		06B5975EF2AC94907AE54DB5 /* tmp */ = {
			isa = PBXGroup;
			children = (
				47BF4CBDD63A91B3FFF95FEF /* moc_dialog.cpp */,
				625EC259F2AAC95691808F03 /* moc_fileviewer.cpp */,
				D7C645B720B51423248BAEA6 /* moc_resultdialog.cpp */,
			);
			name = tmp;
			sourceTree = "<group>";
		};
		25B08E2869634E9BCBA333A2 /* Generated Sources */ = {
			isa = PBXGroup;
			children = (
				06B5975EF2AC94907AE54DB5 /* tmp */,
			);
			name = "Generated Sources";
			sourceTree = "<group>";
		};
		2EB56BE3C2D93CDAB0C52E67 /* Sources */ = {
			isa = PBXGroup;
			children = (
				18B977571FCFD46700BA43BB /* DICT.TXT */,
				18B977581FCFD46700BA43BB /* reskeys.txt */,
				88497F67E267279C3222448A /* main.cpp */,
				6F5156C45A95669CDB400E42 /* dialog.cpp */,
				606935A7FE89B66C7CFF8C58 /* fileviewer.cpp */,
				7732BCDFB12DE876872CCA6B /* cppparser.cpp */,
				DF0704EB45E03410C45A59AE /* ocparser.cpp */,
				D80DC840038036E3DF58B448 /* srcfilemodel.cpp */,
				0653474CBBE6E300131DD7AE /* stringutil.cpp */,
				C5C3FE26DB2007EB728B0717 /* database.cpp */,
				2F0ACCE2F689FE1EA6491E2D /* classmodel.cpp */,
				4EA95D9718DF2B5AC16C08AA /* resultdialog.cpp */,
				666DC4DD192B3020DFA82B0C /* dialog.h */,
				B98E06055A4774AA62A0D5E7 /* fileviewer.h */,
				F27E9AA3007B75C6253B912F /* cppparser.h */,
				76A968F3D0FB315391DDC057 /* ocparser.h */,
				9E094F30D3677E7C84AE1E33 /* srcfilemodel.h */,
				CF991D37385F8784F3CDBC4B /* stringutil.h */,
				C918E642125AC5859C0281C7 /* database.h */,
				1A7B89C1E82AC3978E54DFE0 /* classmodel.h */,
				08BB4BA3CD6481973024F87B /* resultdialog.h */,
			);
			name = Sources;
			sourceTree = "<group>";
		};
		74B182DB50CB5611B5C1C297 /* Supporting Files */ = {
			isa = PBXGroup;
			children = (
				F4223288F20CBC115C82F5EC /* CodeConfusing.pro */,
				C7B0B6D7584809554B15918E /* .qmake.stash */,
			);
			name = "Supporting Files";
			sourceTree = "<group>";
		};
		AF39DD055C3EF8226FBE929D /* Frameworks */ = {
			isa = PBXGroup;
			children = (
				8CC0A9F4BC44F08FE2C51FF9 /* QtWidgets.framework */,
				E54B6F1E1A46CB37F877C270 /* QtGui.framework */,
				43B5E9E434FB96756DF65FBB /* QtCore.framework */,
				2B774D8E4178765CE52EAAF5 /* DiskArbitration.framework */,
				A1A67BEAA744704B29168D39 /* IOKit.framework */,
				D4B32C2222F82AC56BADEB21 /* OpenGL.framework */,
				8D9815BDB5BD9F90D2BC05C5 /* AGL.framework */,
			);
			name = Frameworks;
			sourceTree = "<group>";
		};
		B8254625CFD509ED2A24A166 /* Sources [moc_predefs] */ = {
			isa = PBXGroup;
			children = (
				97ACABA70CBE04ABB8193266 /* dummy.cpp */,
			);
			name = "Sources [moc_predefs]";
			sourceTree = "<group>";
		};
		E8C543AB96796ECAA2E65C57 /* CodeConfusing */ = {
			isa = PBXGroup;
			children = (
				2EB56BE3C2D93CDAB0C52E67 /* Sources */,
				25B08E2869634E9BCBA333A2 /* Generated Sources */,
				74B182DB50CB5611B5C1C297 /* Supporting Files */,
				B8254625CFD509ED2A24A166 /* Sources [moc_predefs] */,
				AF39DD055C3EF8226FBE929D /* Frameworks */,
				FE0A091FDBFB3E9C31B7A1BD /* Products */,
			);
			name = CodeConfusing;
			sourceTree = "<group>";
		};
		FE0A091FDBFB3E9C31B7A1BD /* Products */ = {
			isa = PBXGroup;
			children = (
				ACE5793D523C49F8848979AF /* CodeConfusing.app */,
			);
			name = Products;
			sourceTree = "<group>";
		};
/* End PBXGroup section */

/* Begin PBXNativeTarget section */
		AAC53F366E1907CBB58EACC3 /* CodeConfusing */ = {
			isa = PBXNativeTarget;
			buildConfigurationList = 6CC3B5D2136C7CD6A5CF5A59 /* Build configuration list for PBXNativeTarget "CodeConfusing" */;
			buildPhases = (
				F7E50F631C51CD5B5DC0BC43 /* Compile Sources */,
				D1C883685E82D5676953459A /* Link Binary With Libraries */,
				30414803F31797EB689AE508 /* Copy Bundle Resources */,
				99542592E9780B9225F24AA8 /* Embed Frameworks */,
			);
			buildRules = (
			);
			dependencies = (
				8DD8F47AB1F9F68E605E8F30 /* PBXTargetDependency */,
			);
			name = CodeConfusing;
			productName = CodeConfusing;
			productReference = ACE5793D523C49F8848979AF /* CodeConfusing.app */;
			productType = "com.apple.product-type.application";
		};
/* End PBXNativeTarget section */

/* Begin PBXProject section */
		6DB9C3763D02B1415CD9D565 /* Project object */ = {
			isa = PBXProject;
			attributes = {
				TargetAttributes = {
					AAC53F366E1907CBB58EACC3 = {
						DevelopmentTeam = 5HA9XSZZ3J;
						ProvisioningStyle = Automatic;
					};
					E7DD289902E4185AB3F804D1 = {
						DevelopmentTeam = 5HA9XSZZ3J;
					};
				};
			};
			buildConfigurationList = DAC4C1AA5EDEA1C85E9CA5E6 /* Build configuration list for PBXProject "CodeConfusing" */;
			compatibilityVersion = "Xcode 3.2";
			developmentRegion = English;
			hasScannedForEncodings = 1;
			knownRegions = (
				en,
			);
			mainGroup = E8C543AB96796ECAA2E65C57 /* CodeConfusing */;
			productRefGroup = FE0A091FDBFB3E9C31B7A1BD /* Products */;
			projectDirPath = "";
			projectRoot = "";
			targets = (
				AAC53F366E1907CBB58EACC3 /* CodeConfusing */,
				E7DD289902E4185AB3F804D1 /* Qt Preprocess */,
			);
		};
/* End PBXProject section */

/* Begin PBXResourcesBuildPhase section */
		30414803F31797EB689AE508 /* Copy Bundle Resources */ = {
			isa = PBXResourcesBuildPhase;
			buildActionMask = 2147483647;
			files = (
				18B977591FCFD46700BA43BB /* DICT.TXT in Copy Bundle Resources */,
				18B9775A1FCFD46700BA43BB /* reskeys.txt in Copy Bundle Resources */,
			);
			name = "Copy Bundle Resources";
			runOnlyForDeploymentPostprocessing = 0;
		};
/* End PBXResourcesBuildPhase section */

/* Begin PBXShellScriptBuildPhase section */
		5E618435888B9D49F8540165 /* Qt Qmake */ = {
			isa = PBXShellScriptBuildPhase;
			buildActionMask = 2147483647;
			files = (
			);
			name = "Qt Qmake";
			runOnlyForDeploymentPostprocessing = 0;
			shellPath = /bin/sh;
			shellScript = "make -C /Users/apple/CodeConfusingTool/CodeConfusing/ -f CodeConfusing.xcodeproj/qt_makeqmake.mak";
			showEnvVarsInLog = 0;
		};
		7EF0942E79C014DCEC8976BC /* Qt Preprocessors */ = {
			isa = PBXShellScriptBuildPhase;
			buildActionMask = 2147483647;
			files = (
			);
			name = "Qt Preprocessors";
			runOnlyForDeploymentPostprocessing = 0;
			shellPath = /bin/sh;
			shellScript = "make -C /Users/apple/CodeConfusingTool/CodeConfusing/ -f CodeConfusing.xcodeproj/qt_preprocess.mak";
			showEnvVarsInLog = 0;
		};
/* End PBXShellScriptBuildPhase section */

/* Begin PBXSourcesBuildPhase section */
		F7E50F631C51CD5B5DC0BC43 /* Compile Sources */ = {
			isa = PBXSourcesBuildPhase;
			buildActionMask = 2147483647;
			files = (
				466F2017BC951993D88C5CB6 /* main.cpp in Compile Sources */,
				5A1E16C6E07DCCF15903A21F /* dialog.cpp in Compile Sources */,
				E8DFC1FF0A792B0CDBAA4F86 /* fileviewer.cpp in Compile Sources */,
				2A054E35803FD69B008BE256 /* cppparser.cpp in Compile Sources */,
				51B35D98F01468F1128B8DF0 /* ocparser.cpp in Compile Sources */,
				94E9EFF9859B3D8002D1EEB6 /* srcfilemodel.cpp in Compile Sources */,
				101346612BF2A255A40E9AF1 /* stringutil.cpp in Compile Sources */,
				2A0166D3270BD2177481DB9D /* database.cpp in Compile Sources */,
				93F4CAAC48903230589668D7 /* classmodel.cpp in Compile Sources */,
				D0F5B29B623CB1E872A43126 /* resultdialog.cpp in Compile Sources */,
				59501181EBA9F9C202018404 /* moc_dialog.cpp in Compile Sources */,
				B5DC52A1DDDA09F9293379F3 /* moc_fileviewer.cpp in Compile Sources */,
				405279D59C592B1C35518CE6 /* moc_resultdialog.cpp in Compile Sources */,
				81700C53CE9A00F271B94E8E /* dummy.cpp in Compile Sources */,
			);
			name = "Compile Sources";
			runOnlyForDeploymentPostprocessing = 0;
		};
/* End PBXSourcesBuildPhase section */

/* Begin PBXTargetDependency section */
		8DD8F47AB1F9F68E605E8F30 /* PBXTargetDependency */ = {
			isa = PBXTargetDependency;
			target = E7DD289902E4185AB3F804D1 /* Qt Preprocess */;
			targetProxy = 18B7E0331FCFD0F400ED728A /* PBXContainerItemProxy */;
		};
/* End PBXTargetDependency section */

/* Begin XCBuildConfiguration section */
		339EE1B2CC4FC24589A0EA95 /* Release */ = {
			isa = XCBuildConfiguration;
			buildSettings = {
				APPLICATION_EXTENSION_API_ONLY = NO;
				ARCHS = x86_64;
				"ARCHS[sdk=macosx*]" = x86_64;
				CC = /Applications/Xcode.app/Contents/Developer/Toolchains/XcodeDefault.xctoolchain/usr/bin/clang;
				COPY_PHASE_STRIP = YES;
				DEVELOPMENT_TEAM = 5HA9XSZZ3J;
				DYLIB_COMPATIBILITY_VERSION = 1.0;
				DYLIB_CURRENT_VERSION = 1.0.0;
				ENABLE_BITCODE = NO;
				FRAMEWORK_SEARCH_PATHS = (
					/Users/apple/Qt/5.9.1/clang_64/lib,
					/Users/apple/Qt/5.9.1/clang_64/lib,
				);
				GCC_GENERATE_DEBUGGING_SYMBOLS = NO;
				GCC_VERSION = com.apple.compilers.llvm.clang.1_0;
				HEADER_SEARCH_PATHS = (
					.,
					../../Qt/5.9.1/clang_64/lib/QtWidgets.framework/Headers,
					../../Qt/5.9.1/clang_64/lib/QtGui.framework/Headers,
					../../Qt/5.9.1/clang_64/lib/QtCore.framework/Headers,
					tmp,
					/Applications/Xcode.app/Contents/Developer/Platforms/MacOSX.platform/Developer/SDKs/MacOSX10.12.sdk/System/Library/Frameworks/OpenGL.framework/Headers,
					/Applications/Xcode.app/Contents/Developer/Platforms/MacOSX.platform/Developer/SDKs/MacOSX10.12.sdk/System/Library/Frameworks/AGL.framework/Headers/,
					"../../Qt/5.9.1/clang_64/mkspecs/macx-clang",
				);
				INFOPLIST_FILE = Info.plist;
				LDPLUSPLUS = "/Applications/Xcode.app/Contents/Developer/Toolchains/XcodeDefault.xctoolchain/usr/bin/clang++";
				LIBRARY_SEARCH_PATHS = (
					/Users/apple/Qt/5.9.1/clang_64/lib,
					/System/Library/Frameworks/,
				);
				MACOSX_DEPLOYMENT_TARGET = 10.10;
				OBJROOT = tmp/;
				OTHER_CFLAGS = (
					"-pipe",
					"-O2",
					"-Wall",
					"-W",
					"-fPIC",
					"-DQT_NO_DEBUG",
					"-DQT_WIDGETS_LIB",
					"-DQT_GUI_LIB",
					"-DQT_CORE_LIB",
				);
				OTHER_CPLUSPLUSFLAGS = (
					"-pipe",
					"-stdlib=libc++",
					"-O2",
					"-std=gnu++11",
					"-Wall",
					"-W",
					"-fPIC",
					"-DQT_NO_DEBUG",
					"-DQT_WIDGETS_LIB",
					"-DQT_GUI_LIB",
					"-DQT_CORE_LIB",
				);
				OTHER_LDFLAGS = (
					"-stdlib=libc++",
					"-headerpad_max_install_names",
					"-Wl,-rpath,@executable_path/Frameworks",
					"-Wl,-rpath,/Users/apple/Qt/5.9.1/clang_64/lib",
					"-F/Users/apple/Qt/5.9.1/clang_64/lib",
				);
				PRODUCT_NAME = CodeConfusing;
				QT_LIBRARY_SUFFIX = "";
				SDKROOT = macosx;
				SYMROOT = /Users/apple/CodeConfusingTool/CodeConfusing/;
			};
			name = Release;
		};
		3AA6C32AC930069E80220CF1 /* Debug */ = {
			isa = XCBuildConfiguration;
			buildSettings = {
				APPLICATION_EXTENSION_API_ONLY = NO;
				ARCHS = x86_64;
				"ARCHS[sdk=macosx*]" = x86_64;
				CC = /Applications/Xcode.app/Contents/Developer/Toolchains/XcodeDefault.xctoolchain/usr/bin/clang;
				COPY_PHASE_STRIP = NO;
				DEVELOPMENT_TEAM = 5HA9XSZZ3J;
				DYLIB_COMPATIBILITY_VERSION = 1.0;
				DYLIB_CURRENT_VERSION = 1.0.0;
				ENABLE_BITCODE = NO;
				FRAMEWORK_SEARCH_PATHS = (
					/Users/apple/Qt/5.9.1/clang_64/lib,
					/Users/apple/Qt/5.9.1/clang_64/lib,
				);
				GCC_GENERATE_DEBUGGING_SYMBOLS = YES;
				GCC_OPTIMIZATION_LEVEL = 0;
				GCC_VERSION = com.apple.compilers.llvm.clang.1_0;
				HEADER_SEARCH_PATHS = (
					.,
					../../Qt/5.9.1/clang_64/lib/QtWidgets.framework/Headers,
					../../Qt/5.9.1/clang_64/lib/QtGui.framework/Headers,
					../../Qt/5.9.1/clang_64/lib/QtCore.framework/Headers,
					tmp,
					/Applications/Xcode.app/Contents/Developer/Platforms/MacOSX.platform/Developer/SDKs/MacOSX10.12.sdk/System/Library/Frameworks/OpenGL.framework/Headers,
					/Applications/Xcode.app/Contents/Developer/Platforms/MacOSX.platform/Developer/SDKs/MacOSX10.12.sdk/System/Library/Frameworks/AGL.framework/Headers/,
					"../../Qt/5.9.1/clang_64/mkspecs/macx-clang",
				);
				INFOPLIST_FILE = Info.plist;
				LDPLUSPLUS = "/Applications/Xcode.app/Contents/Developer/Toolchains/XcodeDefault.xctoolchain/usr/bin/clang++";
				LIBRARY_SEARCH_PATHS = (
					/Users/apple/Qt/5.9.1/clang_64/lib,
					/System/Library/Frameworks/,
				);
				MACOSX_DEPLOYMENT_TARGET = 10.10;
				OBJROOT = tmp/;
				ONLY_ACTIVE_ARCH = YES;
				OTHER_CFLAGS = (
					"-pipe",
					"-O2",
					"-Wall",
					"-W",
					"-fPIC",
					"-DQT_NO_DEBUG",
					"-DQT_WIDGETS_LIB",
					"-DQT_GUI_LIB",
					"-DQT_CORE_LIB",
				);
				OTHER_CPLUSPLUSFLAGS = (
					"-pipe",
					"-stdlib=libc++",
					"-O2",
					"-std=gnu++11",
					"-Wall",
					"-W",
					"-fPIC",
					"-DQT_NO_DEBUG",
					"-DQT_WIDGETS_LIB",
					"-DQT_GUI_LIB",
					"-DQT_CORE_LIB",
				);
				OTHER_LDFLAGS = (
					"-stdlib=libc++",
					"-headerpad_max_install_names",
					"-Wl,-rpath,@executable_path/Frameworks",
					"-Wl,-rpath,/Users/apple/Qt/5.9.1/clang_64/lib",
					"-F/Users/apple/Qt/5.9.1/clang_64/lib",
				);
				PRODUCT_NAME = CodeConfusing;
				QT_LIBRARY_SUFFIX = _debug;
				SDKROOT = macosx;
				SYMROOT = /Users/apple/CodeConfusingTool/CodeConfusing/;
			};
			name = Debug;
		};
		6666AA5E688052234F6758D8 /* Release */ = {
			isa = XCBuildConfiguration;
			buildSettings = {
				APPLICATION_EXTENSION_API_ONLY = NO;
				"ARCHS[sdk=macosx*]" = x86_64;
				CODE_SIGN_IDENTITY = "Mac Developer";
				COPY_PHASE_STRIP = YES;
				DEVELOPMENT_TEAM = 5HA9XSZZ3J;
				ENABLE_BITCODE = NO;
				GCC_GENERATE_DEBUGGING_SYMBOLS = NO;
				MACOSX_DEPLOYMENT_TARGET = 10.10;
				PRODUCT_NAME = CodeConfusing;
				QT_LIBRARY_SUFFIX = "";
				SDKROOT = macosx;
			};
			name = Release;
		};
		77418F46922677BB04ED38DD /* Debug */ = {
			isa = XCBuildConfiguration;
			buildSettings = {
				APPLICATION_EXTENSION_API_ONLY = NO;
				"ARCHS[sdk=macosx*]" = x86_64;
				CODE_SIGN_IDENTITY = "Mac Developer";
				COPY_PHASE_STRIP = NO;
				DEVELOPMENT_TEAM = 5HA9XSZZ3J;
				ENABLE_BITCODE = NO;
				GCC_GENERATE_DEBUGGING_SYMBOLS = YES;
				GCC_OPTIMIZATION_LEVEL = 0;
				MACOSX_DEPLOYMENT_TARGET = 10.10;
				ONLY_ACTIVE_ARCH = YES;
				PRODUCT_NAME = CodeConfusing;
				QT_LIBRARY_SUFFIX = _debug;
				SDKROOT = macosx;
			};
			name = Debug;
		};
/* End XCBuildConfiguration section */

/* Begin XCConfigurationList section */
		6CC3B5D2136C7CD6A5CF5A59 /* Build configuration list for PBXNativeTarget "CodeConfusing" */ = {
			isa = XCConfigurationList;
			buildConfigurations = (
				77418F46922677BB04ED38DD /* Debug */,
				6666AA5E688052234F6758D8 /* Release */,
			);
			defaultConfigurationIsVisible = 0;
			defaultConfigurationName = Release;
		};
		DAC4C1AA5EDEA1C85E9CA5E6 /* Build configuration list for PBXProject "CodeConfusing" */ = {
			isa = XCConfigurationList;
			buildConfigurations = (
				3AA6C32AC930069E80220CF1 /* Debug */,
				339EE1B2CC4FC24589A0EA95 /* Release */,
			);
			defaultConfigurationIsVisible = 0;
			defaultConfigurationName = Release;
		};
/* End XCConfigurationList section */
	};
	rootObject = 6DB9C3763D02B1415CD9D565 /* Project object */;
}
